
Microsoft Visual Studio Solution File, Format Version 12.00
# Visual Studio Version 17
VisualStudioVersion = 17.6.33829.357
MinimumVisualStudioVersion = 10.0.40219.1
Project("{FAE04EC0-301F-11D3-BF4B-00C04F79EFBC}") = "CurrencyConverter_Static", "CurrencyConverter_Static\CurrencyConverter_Static.csproj", "{728526C1-E725-47B5-A18F-6E94112ADA05}"
EndProject
Global
	GlobalSection(SolutionConfigurationPlatforms) = preSolution
		Debug|Any CPU = Debug|Any CPU
		Release|Any CPU = Release|Any CPU
	EndGlobalSection
	GlobalSection(ProjectConfigurationPlatforms) = postSolution
		{728526C1-E725-47B5-A18F-6E94112ADA05}.Debug|Any CPU.ActiveCfg = Debug|Any CPU
		{728526C1-E725-47B5-A18F-6E94112ADA05}.Debug|Any CPU.Build.0 = Debug|Any CPU
		{728526C1-E725-47B5-A18F-6E94112ADA05}.Release|Any CPU.ActiveCfg = Release|Any CPU
		{728526C1-E725-47B5-A18F-6E94112ADA05}.Release|Any CPU.Build.0 = Release|Any CPU
	EndGlobalSection
	GlobalSection(SolutionProperties) = preSolution
		HideSolutionNode = FALSE
	EndGlobalSection
	GlobalSection(ExtensibilityGlobals) = postSolution
		SolutionGuid = {251D2A12-237F-407A-80B1-78F746BAB7D0}
	EndGlobalSection
EndGlobal
